// !$*UTF8*$!
{
	archiveVersion = 1;
	classes = {
	};
	objectVersion = 46;
	objects = {

/* Begin PBXBuildFile section */
		F9119E301C43605500BE75AA /* ConversionViewController.swift in Sources */ = {isa = PBXBuildFile; fileRef = F9119E2F1C43605500BE75AA /* ConversionViewController.swift */; };
		F9437AED1C4DFF68005158EC /* WebViewController.swift in Sources */ = {isa = PBXBuildFile; fileRef = F9437AEC1C4DFF68005158EC /* WebViewController.swift */; };
		F9437AEF1C4DFFB2005158EC /* WebKit.framework in Frameworks */ = {isa = PBXBuildFile; fileRef = F9437AEE1C4DFFB2005158EC /* WebKit.framework */; };
		F953053C1C40BF510010A676 /* AppDelegate.swift in Sources */ = {isa = PBXBuildFile; fileRef = F953053B1C40BF510010A676 /* AppDelegate.swift */; };
		F95305411C40BF510010A676 /* Main.storyboard in Resources */ = {isa = PBXBuildFile; fileRef = F953053F1C40BF510010A676 /* Main.storyboard */; };
		F95305431C40BF510010A676 /* Assets.xcassets in Resources */ = {isa = PBXBuildFile; fileRef = F95305421C40BF510010A676 /* Assets.xcassets */; };
		F95305461C40BF510010A676 /* LaunchScreen.storyboard in Resources */ = {isa = PBXBuildFile; fileRef = F95305441C40BF510010A676 /* LaunchScreen.storyboard */; };
		F9C005AF1C4600E800484897 /* MapKit.framework in Frameworks */ = {isa = PBXBuildFile; fileRef = F9C005AE1C4600E800484897 /* MapKit.framework */; };
		F9C005B11C47584E00484897 /* MapViewController.swift in Sources */ = {isa = PBXBuildFile; fileRef = F9C005B01C47584E00484897 /* MapViewController.swift */; };
/* End PBXBuildFile section */

/* Begin PBXFileReference section */
		F9119E2F1C43605500BE75AA /* ConversionViewController.swift */ = {isa = PBXFileReference; fileEncoding = 4; lastKnownFileType = sourcecode.swift; path = ConversionViewController.swift; sourceTree = "<group>"; };
		F9437AEC1C4DFF68005158EC /* WebViewController.swift */ = {isa = PBXFileReference; fileEncoding = 4; lastKnownFileType = sourcecode.swift; path = WebViewController.swift; sourceTree = "<group>"; };
		F9437AEE1C4DFFB2005158EC /* WebKit.framework */ = {isa = PBXFileReference; lastKnownFileType = wrapper.framework; name = WebKit.framework; path = System/Library/Frameworks/WebKit.framework; sourceTree = SDKROOT; };
		F95305381C40BF510010A676 /* WorldTrotter.app */ = {isa = PBXFileReference; explicitFileType = wrapper.application; includeInIndex = 0; path = WorldTrotter.app; sourceTree = BUILT_PRODUCTS_DIR; };
		F953053B1C40BF510010A676 /* AppDelegate.swift */ = {isa = PBXFileReference; lastKnownFileType = sourcecode.swift; path = AppDelegate.swift; sourceTree = "<group>"; };
		F95305401C40BF510010A676 /* Base */ = {isa = PBXFileReference; lastKnownFileType = file.storyboard; name = Base; path = Base.lproj/Main.storyboard; sourceTree = "<group>"; };
		F95305421C40BF510010A676 /* Assets.xcassets */ = {isa = PBXFileReference; lastKnownFileType = folder.assetcatalog; path = Assets.xcassets; sourceTree = "<group>"; };
		F95305451C40BF510010A676 /* Base */ = {isa = PBXFileReference; lastKnownFileType = file.storyboard; name = Base; path = Base.lproj/LaunchScreen.storyboard; sourceTree = "<group>"; };
		F95305471C40BF510010A676 /* Info.plist */ = {isa = PBXFileReference; lastKnownFileType = text.plist.xml; path = Info.plist; sourceTree = "<group>"; };
		F9A841AE1C5091060087630A /* en */ = {isa = PBXFileReference; lastKnownFileType = text.plist.strings; name = en; path = en.lproj/Main.strings; sourceTree = "<group>"; };
		F9A841AF1C5091710087630A /* es */ = {isa = PBXFileReference; lastKnownFileType = text.plist.strings; name = es; path = es.lproj/Main.strings; sourceTree = "<group>"; };
		F9C005AE1C4600E800484897 /* MapKit.framework */ = {isa = PBXFileReference; lastKnownFileType = wrapper.framework; name = MapKit.framework; path = System/Library/Frameworks/MapKit.framework; sourceTree = SDKROOT; };
		F9C005B01C47584E00484897 /* MapViewController.swift */ = {isa = PBXFileReference; fileEncoding = 4; lastKnownFileType = sourcecode.swift; path = MapViewController.swift; sourceTree = "<group>"; };
/* End PBXFileReference section */

/* Begin PBXFrameworksBuildPhase section */
		F95305351C40BF510010A676 /* Frameworks */ = {
			isa = PBXFrameworksBuildPhase;
			buildActionMask = 2147483647;
			files = (
				F9437AEF1C4DFFB2005158EC /* WebKit.framework in Frameworks */,
				F9C005AF1C4600E800484897 /* MapKit.framework in Frameworks */,
			);
			runOnlyForDeploymentPostprocessing = 0;
		};
/* End PBXFrameworksBuildPhase section */

/* Begin PBXGroup section */
		F953052F1C40BF510010A676 = {
			isa = PBXGroup;
			children = (
				F9437AEE1C4DFFB2005158EC /* WebKit.framework */,
				F9C005AE1C4600E800484897 /* MapKit.framework */,
				F953053A1C40BF510010A676 /* WorldTrotter */,
				F95305391C40BF510010A676 /* Products */,
			);
			sourceTree = "<group>";
		};
		F95305391C40BF510010A676 /* Products */ = {
			isa = PBXGroup;
			children = (
				F95305381C40BF510010A676 /* WorldTrotter.app */,
			);
			name = Products;
			sourceTree = "<group>";
		};
		F953053A1C40BF510010A676 /* WorldTrotter */ = {
			isa = PBXGroup;
			children = (
				F953053B1C40BF510010A676 /* AppDelegate.swift */,
				F9119E2F1C43605500BE75AA /* ConversionViewController.swift */,
				F953053F1C40BF510010A676 /* Main.storyboard */,
				F9C005B01C47584E00484897 /* MapViewController.swift */,
				F95305421C40BF510010A676 /* Assets.xcassets */,
				F95305441C40BF510010A676 /* LaunchScreen.storyboard */,
				F95305471C40BF510010A676 /* Info.plist */,
				F9437AEC1C4DFF68005158EC /* WebViewController.swift */,
			);
			path = WorldTrotter;
			sourceTree = "<group>";
		};
/* End PBXGroup section */

/* Begin PBXNativeTarget section */
		F95305371C40BF510010A676 /* WorldTrotter */ = {
			isa = PBXNativeTarget;
			buildConfigurationList = F953054A1C40BF510010A676 /* Build configuration list for PBXNativeTarget "WorldTrotter" */;
			buildPhases = (
				F95305341C40BF510010A676 /* Sources */,
				F95305351C40BF510010A676 /* Frameworks */,
				F95305361C40BF510010A676 /* Resources */,
			);
			buildRules = (
			);
			dependencies = (
			);
			name = WorldTrotter;
			productName = WorldTrotter;
			productReference = F95305381C40BF510010A676 /* WorldTrotter.app */;
			productType = "com.apple.product-type.application";
		};
/* End PBXNativeTarget section */

/* Begin PBXProject section */
		F95305301C40BF510010A676 /* Project object */ = {
			isa = PBXProject;
			attributes = {
				LastSwiftUpdateCheck = 0720;
				LastUpgradeCheck = 0720;
				ORGANIZATIONNAME = "Hector Enrique Gomez Morales";
				TargetAttributes = {
					F95305371C40BF510010A676 = {
						CreatedOnToolsVersion = 7.2;
					};
				};
			};
			buildConfigurationList = F95305331C40BF510010A676 /* Build configuration list for PBXProject "WorldTrotter" */;
			compatibilityVersion = "Xcode 3.2";
			developmentRegion = English;
			hasScannedForEncodings = 0;
			knownRegions = (
				en,
				Base,
			);
			mainGroup = F953052F1C40BF510010A676;
			productRefGroup = F95305391C40BF510010A676 /* Products */;
			projectDirPath = "";
			projectRoot = "";
			targets = (
				F95305371C40BF510010A676 /* WorldTrotter */,
			);
		};
/* End PBXProject section */

/* Begin PBXResourcesBuildPhase section */
		F95305361C40BF510010A676 /* Resources */ = {
			isa = PBXResourcesBuildPhase;
			buildActionMask = 2147483647;
			files = (
				F95305461C40BF510010A676 /* LaunchScreen.storyboard in Resources */,
				F95305431C40BF510010A676 /* Assets.xcassets in Resources */,
				F95305411C40BF510010A676 /* Main.storyboard in Resources */,
			);
			runOnlyForDeploymentPostprocessing = 0;
		};
/* End PBXResourcesBuildPhase section */

/* Begin PBXSourcesBuildPhase section */
		F95305341C40BF510010A676 /* Sources */ = {
			isa = PBXSourcesBuildPhase;
			buildActionMask = 2147483647;
			files = (
				F9119E301C43605500BE75AA /* ConversionViewController.swift in Sources */,
				F9C005B11C47584E00484897 /* MapViewController.swift in Sources */,
				F953053C1C40BF510010A676 /* AppDelegate.swift in Sources */,
				F9437AED1C4DFF68005158EC /* WebViewController.swift in Sources */,
			);
			runOnlyForDeploymentPostprocessing = 0;
		};
/* End PBXSourcesBuildPhase section */

/* Begin PBXVariantGroup section */
		F953053F1C40BF510010A676 /* Main.storyboard */ = {
			isa = PBXVariantGroup;
			children = (
				F95305401C40BF510010A676 /* Base */,
				F9A841AE1C5091060087630A /* en */,
				F9A841AF1C5091710087630A /* es */,
			);
			name = Main.storyboard;
			sourceTree = "<group>";
		};
		F95305441C40BF510010A676 /* LaunchScreen.storyboard */ = {
			isa = PBXVariantGroup;
			children = (
				F95305451C40BF510010A676 /* Base */,
			);
			name = LaunchScreen.storyboard;
			sourceTree = "<group>";
		};
/* End PBXVariantGroup section */

/* Begin XCBuildConfiguration section */
		F95305481C40BF510010A676 /* Debug */ = {
			isa = XCBuildConfiguration;
			buildSettings = {
				ALWAYS_SEARCH_USER_PATHS = NO;
				CLANG_CXX_LANGUAGE_STANDARD = "gnu++0x";
				CLANG_CXX_LIBRARY = "libc++";
				CLANG_ENABLE_MODULES = YES;
				CLANG_ENABLE_OBJC_ARC = YES;
				CLANG_WARN_BOOL_CONVERSION = YES;
				CLANG_WARN_CONSTANT_CONVERSION = YES;
				CLANG_WARN_DIRECT_OBJC_ISA_USAGE = YES_ERROR;
				CLANG_WARN_EMPTY_BODY = YES;
				CLANG_WARN_ENUM_CONVERSION = YES;
				CLANG_WARN_INT_CONVERSION = YES;
				CLANG_WARN_OBJC_ROOT_CLASS = YES_ERROR;
				CLANG_WARN_UNREACHABLE_CODE = YES;
				CLANG_WARN__DUPLICATE_METHOD_MATCH = YES;
				"CODE_SIGN_IDENTITY[sdk=iphoneos*]" = "iPhone Developer";
				COPY_PHASE_STRIP = NO;
				DEBUG_INFORMATION_FORMAT = dwarf;
				ENABLE_STRICT_OBJC_MSGSEND = YES;
				ENABLE_TESTABILITY = YES;
				GCC_C_LANGUAGE_STANDARD = gnu99;
				GCC_DYNAMIC_NO_PIC = NO;
				GCC_NO_COMMON_BLOCKS = YES;
				GCC_OPTIMIZATION_LEVEL = 0;
				GCC_PREPROCESSOR_DEFINITIONS = (
					"DEBUG=1",
					"$(inherited)",
				);
				GCC_WARN_64_TO_32_BIT_CONVERSION = YES;
				GCC_WARN_ABOUT_RETURN_TYPE = YES_ERROR;
				GCC_WARN_UNDECLARED_SELECTOR = YES;
				GCC_WARN_UNINITIALIZED_AUTOS = YES_AGGRESSIVE;
				GCC_WARN_UNUSED_FUNCTION = YES;
				GCC_WARN_UNUSED_VARIABLE = YES;
				IPHONEOS_DEPLOYMENT_TARGET = 9.2;
				MTL_ENABLE_DEBUG_INFO = YES;
				ONLY_ACTIVE_ARCH = YES;
				SDKROOT = iphoneos;
				SWIFT_OPTIMIZATION_LEVEL = "-Onone";
			};
			name = Debug;
		};
		F95305491C40BF510010A676 /* Release */ = {
			isa = XCBuildConfiguration;
			buildSettings = {
				ALWAYS_SEARCH_USER_PATHS = NO;
				CLANG_CXX_LANGUAGE_STANDARD = "gnu++0x";
				CLANG_CXX_LIBRARY = "libc++";
				CLANG_ENABLE_MODULES = YES;
				CLANG_ENABLE_OBJC_ARC = YES;
				CLANG_WARN_BOOL_CONVERSION = YES;
				CLANG_WARN_CONSTANT_CONVERSION = YES;
				CLANG_WARN_DIRECT_OBJC_ISA_USAGE = YES_ERROR;
				CLANG_WARN_EMPTY_BODY = YES;
				CLANG_WARN_ENUM_CONVERSION = YES;
				CLANG_WARN_INT_CONVERSION = YES;
				CLANG_WARN_OBJC_ROOT_CLASS = YES_ERROR;
				CLANG_WARN_UNREACHABLE_CODE = YES;
				CLANG_WARN__DUPLICATE_METHOD_MATCH = YES;
				"CODE_SIGN_IDENTITY[sdk=iphoneos*]" = "iPhone Developer";
				COPY_PHASE_STRIP = NO;
				DEBUG_INFORMATION_FORMAT = "dwarf-with-dsym";
				ENABLE_NS_ASSERTIONS = NO;
				ENABLE_STRICT_OBJC_MSGSEND = YES;
				GCC_C_LANGUAGE_STANDARD = gnu99;
				GCC_NO_COMMON_BLOCKS = YES;
				GCC_WARN_64_TO_32_BIT_CONVERSION = YES;
				GCC_WARN_ABOUT_RETURN_TYPE = YES_ERROR;
				GCC_WARN_UNDECLARED_SELECTOR = YES;
				GCC_WARN_UNINITIALIZED_AUTOS = YES_AGGRESSIVE;
				GCC_WARN_UNUSED_FUNCTION = YES;
				GCC_WARN_UNUSED_VARIABLE = YES;
				IPHONEOS_DEPLOYMENT_TARGET = 9.2;
				MTL_ENABLE_DEBUG_INFO = NO;
				SDKROOT = iphoneos;
				VALIDATE_PRODUCT = YES;
			};
			name = Release;
		};
		F953054B1C40BF510010A676 /* Debug */ = {
			isa = XCBuildConfiguration;
			buildSettings = {
				ASSETCATALOG_COMPILER_APPICON_NAME = AppIcon;
				INFOPLIST_FILE = WorldTrotter/Info.plist;
				LD_RUNPATH_SEARCH_PATHS = "$(inherited) @executable_path/Frameworks";
				PRODUCT_BUNDLE_IDENTIFIER = com.hectoregm.WorldTrotter;
				PRODUCT_NAME = "$(TARGET_NAME)";
			};
			name = Debug;
		};
		F953054C1C40BF510010A676 /* Release */ = {
			isa = XCBuildConfiguration;
			buildSettings = {
				ASSETCATALOG_COMPILER_APPICON_NAME = AppIcon;
				INFOPLIST_FILE = WorldTrotter/Info.plist;
				LD_RUNPATH_SEARCH_PATHS = "$(inherited) @executable_path/Frameworks";
				PRODUCT_BUNDLE_IDENTIFIER = com.hectoregm.WorldTrotter;
				PRODUCT_NAME = "$(TARGET_NAME)";
			};
			name = Release;
		};
/* End XCBuildConfiguration section */

/* Begin XCConfigurationList section */
		F95305331C40BF510010A676 /* Build configuration list for PBXProject "WorldTrotter" */ = {
			isa = XCConfigurationList;
			buildConfigurations = (
				F95305481C40BF510010A676 /* Debug */,
				F95305491C40BF510010A676 /* Release */,
			);
			defaultConfigurationIsVisible = 0;
			defaultConfigurationName = Release;
		};
		F953054A1C40BF510010A676 /* Build configuration list for PBXNativeTarget "WorldTrotter" */ = {
			isa = XCConfigurationList;
			buildConfigurations = (
				F953054B1C40BF510010A676 /* Debug */,
				F953054C1C40BF510010A676 /* Release */,
			);
			defaultConfigurationIsVisible = 0;
			defaultConfigurationName = Release;
		};
/* End XCConfigurationList section */
	};
	rootObject = F95305301C40BF510010A676 /* Project object */;
}
