// !$*UTF8*$!
{
	archiveVersion = 1;
	classes = {
	};
	objectVersion = 46;
	objects = {

/* Begin PBXBuildFile section */
		F9AC878D1C3CB92700777CBC /* AppDelegate.swift in Sources */ = {isa = PBXBuildFile; fileRef = F9AC878C1C3CB92700777CBC /* AppDelegate.swift */; };
		F9AC878F1C3CB92700777CBC /* ViewController.swift in Sources */ = {isa = PBXBuildFile; fileRef = F9AC878E1C3CB92700777CBC /* ViewController.swift */; };
		F9AC87921C3CB92700777CBC /* Main.storyboard in Resources */ = {isa = PBXBuildFile; fileRef = F9AC87901C3CB92700777CBC /* Main.storyboard */; };
		F9AC87941C3CB92700777CBC /* Assets.xcassets in Resources */ = {isa = PBXBuildFile; fileRef = F9AC87931C3CB92700777CBC /* Assets.xcassets */; };
		F9AC87971C3CB92700777CBC /* LaunchScreen.storyboard in Resources */ = {isa = PBXBuildFile; fileRef = F9AC87951C3CB92700777CBC /* LaunchScreen.storyboard */; };
/* End PBXBuildFile section */

/* Begin PBXFileReference section */
		F9AC87891C3CB92700777CBC /* Quiz.app */ = {isa = PBXFileReference; explicitFileType = wrapper.application; includeInIndex = 0; path = Quiz.app; sourceTree = BUILT_PRODUCTS_DIR; };
		F9AC878C1C3CB92700777CBC /* AppDelegate.swift */ = {isa = PBXFileReference; lastKnownFileType = sourcecode.swift; path = AppDelegate.swift; sourceTree = "<group>"; };
		F9AC878E1C3CB92700777CBC /* ViewController.swift */ = {isa = PBXFileReference; lastKnownFileType = sourcecode.swift; path = ViewController.swift; sourceTree = "<group>"; };
		F9AC87911C3CB92700777CBC /* Base */ = {isa = PBXFileReference; lastKnownFileType = file.storyboard; name = Base; path = Base.lproj/Main.storyboard; sourceTree = "<group>"; };
		F9AC87931C3CB92700777CBC /* Assets.xcassets */ = {isa = PBXFileReference; lastKnownFileType = folder.assetcatalog; path = Assets.xcassets; sourceTree = "<group>"; };
		F9AC87961C3CB92700777CBC /* Base */ = {isa = PBXFileReference; lastKnownFileType = file.storyboard; name = Base; path = Base.lproj/LaunchScreen.storyboard; sourceTree = "<group>"; };
		F9AC87981C3CB92700777CBC /* Info.plist */ = {isa = PBXFileReference; lastKnownFileType = text.plist.xml; path = Info.plist; sourceTree = "<group>"; };
/* End PBXFileReference section */

/* Begin PBXFrameworksBuildPhase section */
		F9AC87861C3CB92700777CBC /* Frameworks */ = {
			isa = PBXFrameworksBuildPhase;
			buildActionMask = 2147483647;
			files = (
			);
			runOnlyForDeploymentPostprocessing = 0;
		};
/* End PBXFrameworksBuildPhase section */

/* Begin PBXGroup section */
		F9AC87801C3CB92700777CBC = {
			isa = PBXGroup;
			children = (
				F9AC878B1C3CB92700777CBC /* Quiz */,
				F9AC878A1C3CB92700777CBC /* Products */,
			);
			sourceTree = "<group>";
		};
		F9AC878A1C3CB92700777CBC /* Products */ = {
			isa = PBXGroup;
			children = (
				F9AC87891C3CB92700777CBC /* Quiz.app */,
			);
			name = Products;
			sourceTree = "<group>";
		};
		F9AC878B1C3CB92700777CBC /* Quiz */ = {
			isa = PBXGroup;
			children = (
				F9AC878C1C3CB92700777CBC /* AppDelegate.swift */,
				F9AC878E1C3CB92700777CBC /* ViewController.swift */,
				F9AC87901C3CB92700777CBC /* Main.storyboard */,
				F9AC87931C3CB92700777CBC /* Assets.xcassets */,
				F9AC87951C3CB92700777CBC /* LaunchScreen.storyboard */,
				F9AC87981C3CB92700777CBC /* Info.plist */,
			);
			path = Quiz;
			sourceTree = "<group>";
		};
/* End PBXGroup section */

/* Begin PBXNativeTarget section */
		F9AC87881C3CB92700777CBC /* Quiz */ = {
			isa = PBXNativeTarget;
			buildConfigurationList = F9AC879B1C3CB92700777CBC /* Build configuration list for PBXNativeTarget "Quiz" */;
			buildPhases = (
				F9AC87851C3CB92700777CBC /* Sources */,
				F9AC87861C3CB92700777CBC /* Frameworks */,
				F9AC87871C3CB92700777CBC /* Resources */,
			);
			buildRules = (
			);
			dependencies = (
			);
			name = Quiz;
			productName = Quiz;
			productReference = F9AC87891C3CB92700777CBC /* Quiz.app */;
			productType = "com.apple.product-type.application";
		};
/* End PBXNativeTarget section */

/* Begin PBXProject section */
		F9AC87811C3CB92700777CBC /* Project object */ = {
			isa = PBXProject;
			attributes = {
				LastSwiftUpdateCheck = 0720;
				LastUpgradeCheck = 0720;
				ORGANIZATIONNAME = "Hector Enrique Gomez Morales";
				TargetAttributes = {
					F9AC87881C3CB92700777CBC = {
						CreatedOnToolsVersion = 7.2;
					};
				};
			};
			buildConfigurationList = F9AC87841C3CB92700777CBC /* Build configuration list for PBXProject "Quiz" */;
			compatibilityVersion = "Xcode 3.2";
			developmentRegion = English;
			hasScannedForEncodings = 0;
			knownRegions = (
				en,
				Base,
			);
			mainGroup = F9AC87801C3CB92700777CBC;
			productRefGroup = F9AC878A1C3CB92700777CBC /* Products */;
			projectDirPath = "";
			projectRoot = "";
			targets = (
				F9AC87881C3CB92700777CBC /* Quiz */,
			);
		};
/* End PBXProject section */

/* Begin PBXResourcesBuildPhase section */
		F9AC87871C3CB92700777CBC /* Resources */ = {
			isa = PBXResourcesBuildPhase;
			buildActionMask = 2147483647;
			files = (
				F9AC87971C3CB92700777CBC /* LaunchScreen.storyboard in Resources */,
				F9AC87941C3CB92700777CBC /* Assets.xcassets in Resources */,
				F9AC87921C3CB92700777CBC /* Main.storyboard in Resources */,
			);
			runOnlyForDeploymentPostprocessing = 0;
		};
/* End PBXResourcesBuildPhase section */

/* Begin PBXSourcesBuildPhase section */
		F9AC87851C3CB92700777CBC /* Sources */ = {
			isa = PBXSourcesBuildPhase;
			buildActionMask = 2147483647;
			files = (
				F9AC878F1C3CB92700777CBC /* ViewController.swift in Sources */,
				F9AC878D1C3CB92700777CBC /* AppDelegate.swift in Sources */,
			);
			runOnlyForDeploymentPostprocessing = 0;
		};
/* End PBXSourcesBuildPhase section */

/* Begin PBXVariantGroup section */
		F9AC87901C3CB92700777CBC /* Main.storyboard */ = {
			isa = PBXVariantGroup;
			children = (
				F9AC87911C3CB92700777CBC /* Base */,
			);
			name = Main.storyboard;
			sourceTree = "<group>";
		};
		F9AC87951C3CB92700777CBC /* LaunchScreen.storyboard */ = {
			isa = PBXVariantGroup;
			children = (
				F9AC87961C3CB92700777CBC /* Base */,
			);
			name = LaunchScreen.storyboard;
			sourceTree = "<group>";
		};
/* End PBXVariantGroup section */

/* Begin XCBuildConfiguration section */
		F9AC87991C3CB92700777CBC /* Debug */ = {
			isa = XCBuildConfiguration;
			buildSettings = {
				ALWAYS_SEARCH_USER_PATHS = NO;
				CLANG_CXX_LANGUAGE_STANDARD = "gnu++0x";
				CLANG_CXX_LIBRARY = "libc++";
				CLANG_ENABLE_MODULES = YES;
				CLANG_ENABLE_OBJC_ARC = YES;
				CLANG_WARN_BOOL_CONVERSION = YES;
				CLANG_WARN_CONSTANT_CONVERSION = YES;
				CLANG_WARN_DIRECT_OBJC_ISA_USAGE = YES_ERROR;
				CLANG_WARN_EMPTY_BODY = YES;
				CLANG_WARN_ENUM_CONVERSION = YES;
				CLANG_WARN_INT_CONVERSION = YES;
				CLANG_WARN_OBJC_ROOT_CLASS = YES_ERROR;
				CLANG_WARN_UNREACHABLE_CODE = YES;
				CLANG_WARN__DUPLICATE_METHOD_MATCH = YES;
				"CODE_SIGN_IDENTITY[sdk=iphoneos*]" = "iPhone Developer";
				COPY_PHASE_STRIP = NO;
				DEBUG_INFORMATION_FORMAT = dwarf;
				ENABLE_STRICT_OBJC_MSGSEND = YES;
				ENABLE_TESTABILITY = YES;
				GCC_C_LANGUAGE_STANDARD = gnu99;
				GCC_DYNAMIC_NO_PIC = NO;
				GCC_NO_COMMON_BLOCKS = YES;
				GCC_OPTIMIZATION_LEVEL = 0;
				GCC_PREPROCESSOR_DEFINITIONS = (
					"DEBUG=1",
					"$(inherited)",
				);
				GCC_WARN_64_TO_32_BIT_CONVERSION = YES;
				GCC_WARN_ABOUT_RETURN_TYPE = YES_ERROR;
				GCC_WARN_UNDECLARED_SELECTOR = YES;
				GCC_WARN_UNINITIALIZED_AUTOS = YES_AGGRESSIVE;
				GCC_WARN_UNUSED_FUNCTION = YES;
				GCC_WARN_UNUSED_VARIABLE = YES;
				IPHONEOS_DEPLOYMENT_TARGET = 9.2;
				MTL_ENABLE_DEBUG_INFO = YES;
				ONLY_ACTIVE_ARCH = YES;
				SDKROOT = iphoneos;
				SWIFT_OPTIMIZATION_LEVEL = "-Onone";
			};
			name = Debug;
		};
		F9AC879A1C3CB92700777CBC /* Release */ = {
			isa = XCBuildConfiguration;
			buildSettings = {
				ALWAYS_SEARCH_USER_PATHS = NO;
				CLANG_CXX_LANGUAGE_STANDARD = "gnu++0x";
				CLANG_CXX_LIBRARY = "libc++";
				CLANG_ENABLE_MODULES = YES;
				CLANG_ENABLE_OBJC_ARC = YES;
				CLANG_WARN_BOOL_CONVERSION = YES;
				CLANG_WARN_CONSTANT_CONVERSION = YES;
				CLANG_WARN_DIRECT_OBJC_ISA_USAGE = YES_ERROR;
				CLANG_WARN_EMPTY_BODY = YES;
				CLANG_WARN_ENUM_CONVERSION = YES;
				CLANG_WARN_INT_CONVERSION = YES;
				CLANG_WARN_OBJC_ROOT_CLASS = YES_ERROR;
				CLANG_WARN_UNREACHABLE_CODE = YES;
				CLANG_WARN__DUPLICATE_METHOD_MATCH = YES;
				"CODE_SIGN_IDENTITY[sdk=iphoneos*]" = "iPhone Developer";
				COPY_PHASE_STRIP = NO;
				DEBUG_INFORMATION_FORMAT = "dwarf-with-dsym";
				ENABLE_NS_ASSERTIONS = NO;
				ENABLE_STRICT_OBJC_MSGSEND = YES;
				GCC_C_LANGUAGE_STANDARD = gnu99;
				GCC_NO_COMMON_BLOCKS = YES;
				GCC_WARN_64_TO_32_BIT_CONVERSION = YES;
				GCC_WARN_ABOUT_RETURN_TYPE = YES_ERROR;
				GCC_WARN_UNDECLARED_SELECTOR = YES;
				GCC_WARN_UNINITIALIZED_AUTOS = YES_AGGRESSIVE;
				GCC_WARN_UNUSED_FUNCTION = YES;
				GCC_WARN_UNUSED_VARIABLE = YES;
				IPHONEOS_DEPLOYMENT_TARGET = 9.2;
				MTL_ENABLE_DEBUG_INFO = NO;
				SDKROOT = iphoneos;
				VALIDATE_PRODUCT = YES;
			};
			name = Release;
		};
		F9AC879C1C3CB92700777CBC /* Debug */ = {
			isa = XCBuildConfiguration;
			buildSettings = {
				ASSETCATALOG_COMPILER_APPICON_NAME = AppIcon;
				INFOPLIST_FILE = Quiz/Info.plist;
				LD_RUNPATH_SEARCH_PATHS = "$(inherited) @executable_path/Frameworks";
				PRODUCT_BUNDLE_IDENTIFIER = com.hectoregm.Quiz;
				PRODUCT_NAME = "$(TARGET_NAME)";
			};
			name = Debug;
		};
		F9AC879D1C3CB92700777CBC /* Release */ = {
			isa = XCBuildConfiguration;
			buildSettings = {
				ASSETCATALOG_COMPILER_APPICON_NAME = AppIcon;
				INFOPLIST_FILE = Quiz/Info.plist;
				LD_RUNPATH_SEARCH_PATHS = "$(inherited) @executable_path/Frameworks";
				PRODUCT_BUNDLE_IDENTIFIER = com.hectoregm.Quiz;
				PRODUCT_NAME = "$(TARGET_NAME)";
			};
			name = Release;
		};
/* End XCBuildConfiguration section */

/* Begin XCConfigurationList section */
		F9AC87841C3CB92700777CBC /* Build configuration list for PBXProject "Quiz" */ = {
			isa = XCConfigurationList;
			buildConfigurations = (
				F9AC87991C3CB92700777CBC /* Debug */,
				F9AC879A1C3CB92700777CBC /* Release */,
			);
			defaultConfigurationIsVisible = 0;
			defaultConfigurationName = Release;
		};
		F9AC879B1C3CB92700777CBC /* Build configuration list for PBXNativeTarget "Quiz" */ = {
			isa = XCConfigurationList;
			buildConfigurations = (
				F9AC879C1C3CB92700777CBC /* Debug */,
				F9AC879D1C3CB92700777CBC /* Release */,
			);
			defaultConfigurationIsVisible = 0;
			defaultConfigurationName = Release;
		};
/* End XCConfigurationList section */
	};
	rootObject = F9AC87811C3CB92700777CBC /* Project object */;
}
